
Microsoft Visual Studio Solution File, Format Version 12.00
# Visual Studio Version 16
VisualStudioVersion = 16.0.29519.161
MinimumVisualStudioVersion = 10.0.40219.1
Project("{FAE04EC0-301F-11D3-BF4B-00C04F79EFBC}") = "BookApiLibary", "BookApiLibary.csproj", "{B7A945CE-12BC-4F2E-BD11-3E26D97A413E}"
EndProject
Global
	GlobalSection(SolutionConfigurationPlatforms) = preSolution
		Debug|Any CPU = Debug|Any CPU
		Release|Any CPU = Release|Any CPU
	EndGlobalSection
	GlobalSection(ProjectConfigurationPlatforms) = postSolution
		{B7A945CE-12BC-4F2E-BD11-3E26D97A413E}.Debug|Any CPU.ActiveCfg = Debug|Any CPU
		{B7A945CE-12BC-4F2E-BD11-3E26D97A413E}.Debug|Any CPU.Build.0 = Debug|Any CPU
		{B7A945CE-12BC-4F2E-BD11-3E26D97A413E}.Release|Any CPU.ActiveCfg = Release|Any CPU
		{B7A945CE-12BC-4F2E-BD11-3E26D97A413E}.Release|Any CPU.Build.0 = Release|Any CPU
	EndGlobalSection
	GlobalSection(SolutionProperties) = preSolution
		HideSolutionNode = FALSE
	EndGlobalSection
	GlobalSection(ExtensibilityGlobals) = postSolution
		SolutionGuid = {7B2D8220-1D4E-4B0E-9C61-A1E3F93EDC38}
	EndGlobalSection
EndGlobal
